
Microsoft Visual Studio Solution File, Format Version 12.00
# Visual Studio Version 17
VisualStudioVersion = 17.2.32317.152
MinimumVisualStudioVersion = 10.0.40219.1
Project("{FAE04EC0-301F-11D3-BF4B-00C04F79EFBC}") = "Calculator", "Calculator\Calculator.csproj", "{C4DE91BB-4028-4D06-A2FE-18E349C43A91}"
EndProject
Project("{FAE04EC0-301F-11D3-BF4B-00C04F79EFBC}") = "Calculator.Tests", "Calculator.Tests\Calculator.Tests.csproj", "{A7E2BCB0-1C94-43E5-8492-BC785339845C}"
EndProject
Global
	GlobalSection(SolutionConfigurationPlatforms) = preSolution
		Debug|Any CPU = Debug|Any CPU
		Release|Any CPU = Release|Any CPU
	EndGlobalSection
	GlobalSection(ProjectConfigurationPlatforms) = postSolution
		{C4DE91BB-4028-4D06-A2FE-18E349C43A91}.Debug|Any CPU.ActiveCfg = Debug|Any CPU
		{C4DE91BB-4028-4D06-A2FE-18E349C43A91}.Debug|Any CPU.Build.0 = Debug|Any CPU
		{C4DE91BB-4028-4D06-A2FE-18E349C43A91}.Release|Any CPU.ActiveCfg = Release|Any CPU
		{C4DE91BB-4028-4D06-A2FE-18E349C43A91}.Release|Any CPU.Build.0 = Release|Any CPU
		{A7E2BCB0-1C94-43E5-8492-BC785339845C}.Debug|Any CPU.ActiveCfg = Debug|Any CPU
		{A7E2BCB0-1C94-43E5-8492-BC785339845C}.Debug|Any CPU.Build.0 = Debug|Any CPU
		{A7E2BCB0-1C94-43E5-8492-BC785339845C}.Release|Any CPU.ActiveCfg = Release|Any CPU
		{A7E2BCB0-1C94-43E5-8492-BC785339845C}.Release|Any CPU.Build.0 = Release|Any CPU
	EndGlobalSection
	GlobalSection(SolutionProperties) = preSolution
		HideSolutionNode = FALSE
	EndGlobalSection
	GlobalSection(ExtensibilityGlobals) = postSolution
		SolutionGuid = {41D4C396-D28A-4DDE-A91D-E1A3264B028B}
	EndGlobalSection
EndGlobal
