
Microsoft Visual Studio Solution File, Format Version 12.00
# Visual Studio Version 17
VisualStudioVersion = 17.2.32317.152
MinimumVisualStudioVersion = 10.0.40219.1
Project("{FAE04EC0-301F-11D3-BF4B-00C04F79EFBC}") = "PizzaService", "PizzaService\PizzaService.csproj", "{6BA12871-742D-4967-8734-06235CE152C5}"
EndProject
Global
	GlobalSection(SolutionConfigurationPlatforms) = preSolution
		Debug|Any CPU = Debug|Any CPU
		Release|Any CPU = Release|Any CPU
	EndGlobalSection
	GlobalSection(ProjectConfigurationPlatforms) = postSolution
		{6BA12871-742D-4967-8734-06235CE152C5}.Debug|Any CPU.ActiveCfg = Debug|Any CPU
		{6BA12871-742D-4967-8734-06235CE152C5}.Debug|Any CPU.Build.0 = Debug|Any CPU
		{6BA12871-742D-4967-8734-06235CE152C5}.Release|Any CPU.ActiveCfg = Release|Any CPU
		{6BA12871-742D-4967-8734-06235CE152C5}.Release|Any CPU.Build.0 = Release|Any CPU
	EndGlobalSection
	GlobalSection(SolutionProperties) = preSolution
		HideSolutionNode = FALSE
	EndGlobalSection
	GlobalSection(ExtensibilityGlobals) = postSolution
		SolutionGuid = {98ED1EFC-9149-469C-A792-553E21C5B527}
	EndGlobalSection
EndGlobal
